// !$*UTF8*$!
{
	archiveVersion = 1;
	classes = {
	};
	objectVersion = 46;
	objects = {

/* Begin PBXBuildFile section */
		07EE30631A6E93010504D18E /* libPods-downloadCeshi.a in Frameworks */ = {isa = PBXBuildFile; fileRef = D5A4C3641C4EC1572DEBC165 /* libPods-downloadCeshi.a */; };
		21306D7D1E7A3C1F000D7E46 /* libsqlite3.tbd in Frameworks */ = {isa = PBXBuildFile; fileRef = 21306D7C1E7A3C1F000D7E46 /* libsqlite3.tbd */; };
		213E7BC41E794A0B00F9B7E2 /* Main.storyboard in Resources */ = {isa = PBXBuildFile; fileRef = 213E7BC21E794A0B00F9B7E2 /* Main.storyboard */; };
		213E7BC61E794A0B00F9B7E2 /* Assets.xcassets in Resources */ = {isa = PBXBuildFile; fileRef = 213E7BC51E794A0B00F9B7E2 /* Assets.xcassets */; };
		213E7BC91E794A0B00F9B7E2 /* LaunchScreen.storyboard in Resources */ = {isa = PBXBuildFile; fileRef = 213E7BC71E794A0B00F9B7E2 /* LaunchScreen.storyboard */; };
		213E7BD41E794A0B00F9B7E2 /* downloadCeshiTests.m in Sources */ = {isa = PBXBuildFile; fileRef = 213E7BD31E794A0B00F9B7E2 /* downloadCeshiTests.m */; };
		213E7BDF1E794A0B00F9B7E2 /* downloadCeshiUITests.m in Sources */ = {isa = PBXBuildFile; fileRef = 213E7BDE1E794A0B00F9B7E2 /* downloadCeshiUITests.m */; };
		21AD9BA81EC152260007CDCD /* FileManageShare.m in Sources */ = {isa = PBXBuildFile; fileRef = 21AD9BA21EC152260007CDCD /* FileManageShare.m */; };
		21AD9BA91EC152260007CDCD /* FileModel.m in Sources */ = {isa = PBXBuildFile; fileRef = 21AD9BA41EC152260007CDCD /* FileModel.m */; };
		21AD9BAA1EC152260007CDCD /* HTTPSessionShare.m in Sources */ = {isa = PBXBuildFile; fileRef = 21AD9BA61EC152260007CDCD /* HTTPSessionShare.m */; };
		21AD9BBF1EC152370007CDCD /* ZB_NetWorkShare.m in Sources */ = {isa = PBXBuildFile; fileRef = 21AD9BAD1EC152370007CDCD /* ZB_NetWorkShare.m */; };
		21AD9BC01EC152370007CDCD /* NSProgress+downSpeed.m in Sources */ = {isa = PBXBuildFile; fileRef = 21AD9BB01EC152370007CDCD /* NSProgress+downSpeed.m */; };
		21AD9BC11EC152370007CDCD /* NSString+Common.m in Sources */ = {isa = PBXBuildFile; fileRef = 21AD9BB21EC152370007CDCD /* NSString+Common.m */; };
		21AD9BC21EC152370007CDCD /* SessionDownloadDelegate.m in Sources */ = {isa = PBXBuildFile; fileRef = 21AD9BB71EC152370007CDCD /* SessionDownloadDelegate.m */; };
		21AD9BC31EC152370007CDCD /* ZBSessionDownloadManager.m in Sources */ = {isa = PBXBuildFile; fileRef = 21AD9BB91EC152370007CDCD /* ZBSessionDownloadManager.m */; };
		21AD9BC41EC152370007CDCD /* DatabaseQueueShare.m in Sources */ = {isa = PBXBuildFile; fileRef = 21AD9BBC1EC152370007CDCD /* DatabaseQueueShare.m */; };
		21AD9BC51EC152370007CDCD /* FileModelDbManager.m in Sources */ = {isa = PBXBuildFile; fileRef = 21AD9BBE1EC152370007CDCD /* FileModelDbManager.m */; };
		21AD9BD91EC1528F0007CDCD /* DownloadTableViewController.m in Sources */ = {isa = PBXBuildFile; fileRef = 21AD9BC81EC1528F0007CDCD /* DownloadTableViewController.m */; };
		21AD9BDA1EC1528F0007CDCD /* ListTableViewController.m in Sources */ = {isa = PBXBuildFile; fileRef = 21AD9BCA1EC1528F0007CDCD /* ListTableViewController.m */; };
		21AD9BDB1EC1528F0007CDCD /* ViewController.m in Sources */ = {isa = PBXBuildFile; fileRef = 21AD9BCC1EC1528F0007CDCD /* ViewController.m */; };
		21AD9BDC1EC1528F0007CDCD /* AppDelegate.m in Sources */ = {isa = PBXBuildFile; fileRef = 21AD9BD01EC1528F0007CDCD /* AppDelegate.m */; };
		21AD9BDD1EC1528F0007CDCD /* main.m in Sources */ = {isa = PBXBuildFile; fileRef = 21AD9BD11EC1528F0007CDCD /* main.m */; };
		21AD9BDE1EC1528F0007CDCD /* DownLoadCell.m in Sources */ = {isa = PBXBuildFile; fileRef = 21AD9BD41EC1528F0007CDCD /* DownLoadCell.m */; };
		21AD9BDF1EC1528F0007CDCD /* DownlodedCell.m in Sources */ = {isa = PBXBuildFile; fileRef = 21AD9BD61EC1528F0007CDCD /* DownlodedCell.m */; };
		21AD9BE01EC1528F0007CDCD /* ListCell.m in Sources */ = {isa = PBXBuildFile; fileRef = 21AD9BD81EC1528F0007CDCD /* ListCell.m */; };
/* End PBXBuildFile section */

/* Begin PBXContainerItemProxy section */
		213E7BD01E794A0B00F9B7E2 /* PBXContainerItemProxy */ = {
			isa = PBXContainerItemProxy;
			containerPortal = 213E7BAE1E794A0B00F9B7E2 /* Project object */;
			proxyType = 1;
			remoteGlobalIDString = 213E7BB51E794A0B00F9B7E2;
			remoteInfo = downloadCeshi;
		};
		213E7BDB1E794A0B00F9B7E2 /* PBXContainerItemProxy */ = {
			isa = PBXContainerItemProxy;
			containerPortal = 213E7BAE1E794A0B00F9B7E2 /* Project object */;
			proxyType = 1;
			remoteGlobalIDString = 213E7BB51E794A0B00F9B7E2;
			remoteInfo = downloadCeshi;
		};
/* End PBXContainerItemProxy section */

/* Begin PBXFileReference section */
		0C3A5A756D609957E99CEE33 /* Pods-downloadCeshi.release.xcconfig */ = {isa = PBXFileReference; includeInIndex = 1; lastKnownFileType = text.xcconfig; name = "Pods-downloadCeshi.release.xcconfig"; path = "Pods/Target Support Files/Pods-downloadCeshi/Pods-downloadCeshi.release.xcconfig"; sourceTree = "<group>"; };
		21306D7C1E7A3C1F000D7E46 /* libsqlite3.tbd */ = {isa = PBXFileReference; lastKnownFileType = "sourcecode.text-based-dylib-definition"; name = libsqlite3.tbd; path = usr/lib/libsqlite3.tbd; sourceTree = SDKROOT; };
		213E7BB61E794A0B00F9B7E2 /* downloadCeshi.app */ = {isa = PBXFileReference; explicitFileType = wrapper.application; includeInIndex = 0; path = downloadCeshi.app; sourceTree = BUILT_PRODUCTS_DIR; };
		213E7BC31E794A0B00F9B7E2 /* Base */ = {isa = PBXFileReference; lastKnownFileType = file.storyboard; name = Base; path = Base.lproj/Main.storyboard; sourceTree = "<group>"; };
		213E7BC51E794A0B00F9B7E2 /* Assets.xcassets */ = {isa = PBXFileReference; lastKnownFileType = folder.assetcatalog; path = Assets.xcassets; sourceTree = "<group>"; };
		213E7BC81E794A0B00F9B7E2 /* Base */ = {isa = PBXFileReference; lastKnownFileType = file.storyboard; name = Base; path = Base.lproj/LaunchScreen.storyboard; sourceTree = "<group>"; };
		213E7BCA1E794A0B00F9B7E2 /* Info.plist */ = {isa = PBXFileReference; lastKnownFileType = text.plist.xml; path = Info.plist; sourceTree = "<group>"; };
		213E7BCF1E794A0B00F9B7E2 /* downloadCeshiTests.xctest */ = {isa = PBXFileReference; explicitFileType = wrapper.cfbundle; includeInIndex = 0; path = downloadCeshiTests.xctest; sourceTree = BUILT_PRODUCTS_DIR; };
		213E7BD31E794A0B00F9B7E2 /* downloadCeshiTests.m */ = {isa = PBXFileReference; lastKnownFileType = sourcecode.c.objc; path = downloadCeshiTests.m; sourceTree = "<group>"; };
		213E7BD51E794A0B00F9B7E2 /* Info.plist */ = {isa = PBXFileReference; lastKnownFileType = text.plist.xml; path = Info.plist; sourceTree = "<group>"; };
		213E7BDA1E794A0B00F9B7E2 /* downloadCeshiUITests.xctest */ = {isa = PBXFileReference; explicitFileType = wrapper.cfbundle; includeInIndex = 0; path = downloadCeshiUITests.xctest; sourceTree = BUILT_PRODUCTS_DIR; };
		213E7BDE1E794A0B00F9B7E2 /* downloadCeshiUITests.m */ = {isa = PBXFileReference; lastKnownFileType = sourcecode.c.objc; path = downloadCeshiUITests.m; sourceTree = "<group>"; };
		213E7BE01E794A0B00F9B7E2 /* Info.plist */ = {isa = PBXFileReference; lastKnownFileType = text.plist.xml; path = Info.plist; sourceTree = "<group>"; };
		21AD9BA11EC152260007CDCD /* FileManageShare.h */ = {isa = PBXFileReference; fileEncoding = 4; lastKnownFileType = sourcecode.c.h; path = FileManageShare.h; sourceTree = "<group>"; };
		21AD9BA21EC152260007CDCD /* FileManageShare.m */ = {isa = PBXFileReference; fileEncoding = 4; lastKnownFileType = sourcecode.c.objc; path = FileManageShare.m; sourceTree = "<group>"; };
		21AD9BA31EC152260007CDCD /* FileModel.h */ = {isa = PBXFileReference; fileEncoding = 4; lastKnownFileType = sourcecode.c.h; path = FileModel.h; sourceTree = "<group>"; };
		21AD9BA41EC152260007CDCD /* FileModel.m */ = {isa = PBXFileReference; fileEncoding = 4; lastKnownFileType = sourcecode.c.objc; path = FileModel.m; sourceTree = "<group>"; };
		21AD9BA51EC152260007CDCD /* HTTPSessionShare.h */ = {isa = PBXFileReference; fileEncoding = 4; lastKnownFileType = sourcecode.c.h; path = HTTPSessionShare.h; sourceTree = "<group>"; };
		21AD9BA61EC152260007CDCD /* HTTPSessionShare.m */ = {isa = PBXFileReference; fileEncoding = 4; lastKnownFileType = sourcecode.c.objc; path = HTTPSessionShare.m; sourceTree = "<group>"; };
		21AD9BA71EC152260007CDCD /* HTTPSessionShareDelegate.h */ = {isa = PBXFileReference; fileEncoding = 4; lastKnownFileType = sourcecode.c.h; path = HTTPSessionShareDelegate.h; sourceTree = "<group>"; };
		21AD9BAC1EC152370007CDCD /* ZB_NetWorkShare.h */ = {isa = PBXFileReference; fileEncoding = 4; lastKnownFileType = sourcecode.c.h; path = ZB_NetWorkShare.h; sourceTree = "<group>"; };
		21AD9BAD1EC152370007CDCD /* ZB_NetWorkShare.m */ = {isa = PBXFileReference; fileEncoding = 4; lastKnownFileType = sourcecode.c.objc; path = ZB_NetWorkShare.m; sourceTree = "<group>"; };
		21AD9BAF1EC152370007CDCD /* NSProgress+downSpeed.h */ = {isa = PBXFileReference; fileEncoding = 4; lastKnownFileType = sourcecode.c.h; path = "NSProgress+downSpeed.h"; sourceTree = "<group>"; };
		21AD9BB01EC152370007CDCD /* NSProgress+downSpeed.m */ = {isa = PBXFileReference; fileEncoding = 4; lastKnownFileType = sourcecode.c.objc; path = "NSProgress+downSpeed.m"; sourceTree = "<group>"; };
		21AD9BB11EC152370007CDCD /* NSString+Common.h */ = {isa = PBXFileReference; fileEncoding = 4; lastKnownFileType = sourcecode.c.h; path = "NSString+Common.h"; sourceTree = "<group>"; };
		21AD9BB21EC152370007CDCD /* NSString+Common.m */ = {isa = PBXFileReference; fileEncoding = 4; lastKnownFileType = sourcecode.c.objc; path = "NSString+Common.m"; sourceTree = "<group>"; };
		21AD9BB41EC152370007CDCD /* C_common.h */ = {isa = PBXFileReference; fileEncoding = 4; lastKnownFileType = sourcecode.c.h; path = C_common.h; sourceTree = "<group>"; };
		21AD9BB61EC152370007CDCD /* SessionDownloadDelegate.h */ = {isa = PBXFileReference; fileEncoding = 4; lastKnownFileType = sourcecode.c.h; path = SessionDownloadDelegate.h; sourceTree = "<group>"; };
		21AD9BB71EC152370007CDCD /* SessionDownloadDelegate.m */ = {isa = PBXFileReference; fileEncoding = 4; lastKnownFileType = sourcecode.c.objc; path = SessionDownloadDelegate.m; sourceTree = "<group>"; };
		21AD9BB81EC152370007CDCD /* ZBSessionDownloadManager.h */ = {isa = PBXFileReference; fileEncoding = 4; lastKnownFileType = sourcecode.c.h; path = ZBSessionDownloadManager.h; sourceTree = "<group>"; };
		21AD9BB91EC152370007CDCD /* ZBSessionDownloadManager.m */ = {isa = PBXFileReference; fileEncoding = 4; lastKnownFileType = sourcecode.c.objc; path = ZBSessionDownloadManager.m; sourceTree = "<group>"; };
		21AD9BBB1EC152370007CDCD /* DatabaseQueueShare.h */ = {isa = PBXFileReference; fileEncoding = 4; lastKnownFileType = sourcecode.c.h; path = DatabaseQueueShare.h; sourceTree = "<group>"; };
		21AD9BBC1EC152370007CDCD /* DatabaseQueueShare.m */ = {isa = PBXFileReference; fileEncoding = 4; lastKnownFileType = sourcecode.c.objc; path = DatabaseQueueShare.m; sourceTree = "<group>"; };
		21AD9BBD1EC152370007CDCD /* FileModelDbManager.h */ = {isa = PBXFileReference; fileEncoding = 4; lastKnownFileType = sourcecode.c.h; path = FileModelDbManager.h; sourceTree = "<group>"; };
		21AD9BBE1EC152370007CDCD /* FileModelDbManager.m */ = {isa = PBXFileReference; fileEncoding = 4; lastKnownFileType = sourcecode.c.objc; path = FileModelDbManager.m; sourceTree = "<group>"; };
		21AD9BC71EC1528F0007CDCD /* DownloadTableViewController.h */ = {isa = PBXFileReference; fileEncoding = 4; lastKnownFileType = sourcecode.c.h; path = DownloadTableViewController.h; sourceTree = "<group>"; };
		21AD9BC81EC1528F0007CDCD /* DownloadTableViewController.m */ = {isa = PBXFileReference; fileEncoding = 4; lastKnownFileType = sourcecode.c.objc; path = DownloadTableViewController.m; sourceTree = "<group>"; };
		21AD9BC91EC1528F0007CDCD /* ListTableViewController.h */ = {isa = PBXFileReference; fileEncoding = 4; lastKnownFileType = sourcecode.c.h; path = ListTableViewController.h; sourceTree = "<group>"; };
		21AD9BCA1EC1528F0007CDCD /* ListTableViewController.m */ = {isa = PBXFileReference; fileEncoding = 4; lastKnownFileType = sourcecode.c.objc; path = ListTableViewController.m; sourceTree = "<group>"; };
		21AD9BCB1EC1528F0007CDCD /* ViewController.h */ = {isa = PBXFileReference; fileEncoding = 4; lastKnownFileType = sourcecode.c.h; path = ViewController.h; sourceTree = "<group>"; };
		21AD9BCC1EC1528F0007CDCD /* ViewController.m */ = {isa = PBXFileReference; fileEncoding = 4; lastKnownFileType = sourcecode.c.objc; path = ViewController.m; sourceTree = "<group>"; };
		21AD9BCF1EC1528F0007CDCD /* AppDelegate.h */ = {isa = PBXFileReference; fileEncoding = 4; lastKnownFileType = sourcecode.c.h; path = AppDelegate.h; sourceTree = "<group>"; };
		21AD9BD01EC1528F0007CDCD /* AppDelegate.m */ = {isa = PBXFileReference; fileEncoding = 4; lastKnownFileType = sourcecode.c.objc; path = AppDelegate.m; sourceTree = "<group>"; };
		21AD9BD11EC1528F0007CDCD /* main.m */ = {isa = PBXFileReference; fileEncoding = 4; lastKnownFileType = sourcecode.c.objc; path = main.m; sourceTree = "<group>"; };
		21AD9BD31EC1528F0007CDCD /* DownLoadCell.h */ = {isa = PBXFileReference; fileEncoding = 4; lastKnownFileType = sourcecode.c.h; path = DownLoadCell.h; sourceTree = "<group>"; };
		21AD9BD41EC1528F0007CDCD /* DownLoadCell.m */ = {isa = PBXFileReference; fileEncoding = 4; lastKnownFileType = sourcecode.c.objc; path = DownLoadCell.m; sourceTree = "<group>"; };
		21AD9BD51EC1528F0007CDCD /* DownlodedCell.h */ = {isa = PBXFileReference; fileEncoding = 4; lastKnownFileType = sourcecode.c.h; path = DownlodedCell.h; sourceTree = "<group>"; };
		21AD9BD61EC1528F0007CDCD /* DownlodedCell.m */ = {isa = PBXFileReference; fileEncoding = 4; lastKnownFileType = sourcecode.c.objc; path = DownlodedCell.m; sourceTree = "<group>"; };
		21AD9BD71EC1528F0007CDCD /* ListCell.h */ = {isa = PBXFileReference; fileEncoding = 4; lastKnownFileType = sourcecode.c.h; path = ListCell.h; sourceTree = "<group>"; };
		21AD9BD81EC1528F0007CDCD /* ListCell.m */ = {isa = PBXFileReference; fileEncoding = 4; lastKnownFileType = sourcecode.c.objc; path = ListCell.m; sourceTree = "<group>"; };
		21AD9BE11EC156E40007CDCD /* PrefixHeader.pch */ = {isa = PBXFileReference; lastKnownFileType = sourcecode.c.h; path = PrefixHeader.pch; sourceTree = "<group>"; };
		564A094D5F463A7A6E4A003B /* Pods-downloadCeshi.debug.xcconfig */ = {isa = PBXFileReference; includeInIndex = 1; lastKnownFileType = text.xcconfig; name = "Pods-downloadCeshi.debug.xcconfig"; path = "Pods/Target Support Files/Pods-downloadCeshi/Pods-downloadCeshi.debug.xcconfig"; sourceTree = "<group>"; };
		D5A4C3641C4EC1572DEBC165 /* libPods-downloadCeshi.a */ = {isa = PBXFileReference; explicitFileType = archive.ar; includeInIndex = 0; path = "libPods-downloadCeshi.a"; sourceTree = BUILT_PRODUCTS_DIR; };
/* End PBXFileReference section */

/* Begin PBXFrameworksBuildPhase section */
		213E7BB31E794A0B00F9B7E2 /* Frameworks */ = {
			isa = PBXFrameworksBuildPhase;
			buildActionMask = 2147483647;
			files = (
				21306D7D1E7A3C1F000D7E46 /* libsqlite3.tbd in Frameworks */,
				07EE30631A6E93010504D18E /* libPods-downloadCeshi.a in Frameworks */,
			);
			runOnlyForDeploymentPostprocessing = 0;
		};
		213E7BCC1E794A0B00F9B7E2 /* Frameworks */ = {
			isa = PBXFrameworksBuildPhase;
			buildActionMask = 2147483647;
			files = (
			);
			runOnlyForDeploymentPostprocessing = 0;
		};
		213E7BD71E794A0B00F9B7E2 /* Frameworks */ = {
			isa = PBXFrameworksBuildPhase;
			buildActionMask = 2147483647;
			files = (
			);
			runOnlyForDeploymentPostprocessing = 0;
		};
/* End PBXFrameworksBuildPhase section */

/* Begin PBXGroup section */
		1026A1514F58B47B8ACF5B8E /* Pods */ = {
			isa = PBXGroup;
			children = (
				564A094D5F463A7A6E4A003B /* Pods-downloadCeshi.debug.xcconfig */,
				0C3A5A756D609957E99CEE33 /* Pods-downloadCeshi.release.xcconfig */,
			);
			name = Pods;
			sourceTree = "<group>";
		};
		210F633D1E83C4DC0028B262 /* ZBSessionDownload */ = {
			isa = PBXGroup;
			children = (
				21AD9BA11EC152260007CDCD /* FileManageShare.h */,
				21AD9BA21EC152260007CDCD /* FileManageShare.m */,
				21AD9BA31EC152260007CDCD /* FileModel.h */,
				21AD9BA41EC152260007CDCD /* FileModel.m */,
				21AD9BA51EC152260007CDCD /* HTTPSessionShare.h */,
				21AD9BA61EC152260007CDCD /* HTTPSessionShare.m */,
				21AD9BA71EC152260007CDCD /* HTTPSessionShareDelegate.h */,
				21AD9BAB1EC152370007CDCD /* AFNetDownload */,
				21AD9BAE1EC152370007CDCD /* Categary */,
				21AD9BB31EC152370007CDCD /* Common */,
				21AD9BB51EC152370007CDCD /* CustomDownload */,
				21AD9BBA1EC152370007CDCD /* DataBase */,
			);
			path = ZBSessionDownload;
			sourceTree = "<group>";
		};
		21306D7B1E7A3C1E000D7E46 /* Frameworks */ = {
			isa = PBXGroup;
			children = (
				21306D7C1E7A3C1F000D7E46 /* libsqlite3.tbd */,
				D5A4C3641C4EC1572DEBC165 /* libPods-downloadCeshi.a */,
			);
			name = Frameworks;
			sourceTree = "<group>";
		};
		213E7BAD1E794A0B00F9B7E2 = {
			isa = PBXGroup;
			children = (
				213E7BB81E794A0B00F9B7E2 /* downloadCeshi */,
				213E7BD21E794A0B00F9B7E2 /* downloadCeshiTests */,
				213E7BDD1E794A0B00F9B7E2 /* downloadCeshiUITests */,
				213E7BB71E794A0B00F9B7E2 /* Products */,
				21306D7B1E7A3C1E000D7E46 /* Frameworks */,
				1026A1514F58B47B8ACF5B8E /* Pods */,
			);
			sourceTree = "<group>";
		};
		213E7BB71E794A0B00F9B7E2 /* Products */ = {
			isa = PBXGroup;
			children = (
				213E7BB61E794A0B00F9B7E2 /* downloadCeshi.app */,
				213E7BCF1E794A0B00F9B7E2 /* downloadCeshiTests.xctest */,
				213E7BDA1E794A0B00F9B7E2 /* downloadCeshiUITests.xctest */,
			);
			name = Products;
			sourceTree = "<group>";
		};
		213E7BB81E794A0B00F9B7E2 /* downloadCeshi */ = {
			isa = PBXGroup;
			children = (
				21AD9BC61EC1528F0007CDCD /* Controllers */,
				21AD9BCD1EC1528F0007CDCD /* Models */,
				21AD9BCE1EC1528F0007CDCD /* Others */,
				21AD9BD21EC1528F0007CDCD /* Views */,
				210F633D1E83C4DC0028B262 /* ZBSessionDownload */,
				213E7BC21E794A0B00F9B7E2 /* Main.storyboard */,
				213E7BC51E794A0B00F9B7E2 /* Assets.xcassets */,
				213E7BC71E794A0B00F9B7E2 /* LaunchScreen.storyboard */,
				213E7BCA1E794A0B00F9B7E2 /* Info.plist */,
				213E7BB91E794A0B00F9B7E2 /* Supporting Files */,
			);
			path = downloadCeshi;
			sourceTree = "<group>";
		};
		213E7BB91E794A0B00F9B7E2 /* Supporting Files */ = {
			isa = PBXGroup;
			children = (
			);
			name = "Supporting Files";
			sourceTree = "<group>";
		};
		213E7BD21E794A0B00F9B7E2 /* downloadCeshiTests */ = {
			isa = PBXGroup;
			children = (
				213E7BD31E794A0B00F9B7E2 /* downloadCeshiTests.m */,
				213E7BD51E794A0B00F9B7E2 /* Info.plist */,
			);
			path = downloadCeshiTests;
			sourceTree = "<group>";
		};
		213E7BDD1E794A0B00F9B7E2 /* downloadCeshiUITests */ = {
			isa = PBXGroup;
			children = (
				213E7BDE1E794A0B00F9B7E2 /* downloadCeshiUITests.m */,
				213E7BE01E794A0B00F9B7E2 /* Info.plist */,
			);
			path = downloadCeshiUITests;
			sourceTree = "<group>";
		};
		21AD9BAB1EC152370007CDCD /* AFNetDownload */ = {
			isa = PBXGroup;
			children = (
				21AD9BAC1EC152370007CDCD /* ZB_NetWorkShare.h */,
				21AD9BAD1EC152370007CDCD /* ZB_NetWorkShare.m */,
			);
			path = AFNetDownload;
			sourceTree = "<group>";
		};
		21AD9BAE1EC152370007CDCD /* Categary */ = {
			isa = PBXGroup;
			children = (
				21AD9BAF1EC152370007CDCD /* NSProgress+downSpeed.h */,
				21AD9BB01EC152370007CDCD /* NSProgress+downSpeed.m */,
				21AD9BB11EC152370007CDCD /* NSString+Common.h */,
				21AD9BB21EC152370007CDCD /* NSString+Common.m */,
			);
			path = Categary;
			sourceTree = "<group>";
		};
		21AD9BB31EC152370007CDCD /* Common */ = {
			isa = PBXGroup;
			children = (
				21AD9BB41EC152370007CDCD /* C_common.h */,
			);
			path = Common;
			sourceTree = "<group>";
		};
		21AD9BB51EC152370007CDCD /* CustomDownload */ = {
			isa = PBXGroup;
			children = (
				21AD9BB61EC152370007CDCD /* SessionDownloadDelegate.h */,
				21AD9BB71EC152370007CDCD /* SessionDownloadDelegate.m */,
				21AD9BB81EC152370007CDCD /* ZBSessionDownloadManager.h */,
				21AD9BB91EC152370007CDCD /* ZBSessionDownloadManager.m */,
			);
			path = CustomDownload;
			sourceTree = "<group>";
		};
		21AD9BBA1EC152370007CDCD /* DataBase */ = {
			isa = PBXGroup;
			children = (
				21AD9BBB1EC152370007CDCD /* DatabaseQueueShare.h */,
				21AD9BBC1EC152370007CDCD /* DatabaseQueueShare.m */,
				21AD9BBD1EC152370007CDCD /* FileModelDbManager.h */,
				21AD9BBE1EC152370007CDCD /* FileModelDbManager.m */,
			);
			path = DataBase;
			sourceTree = "<group>";
		};
		21AD9BC61EC1528F0007CDCD /* Controllers */ = {
			isa = PBXGroup;
			children = (
				21AD9BC71EC1528F0007CDCD /* DownloadTableViewController.h */,
				21AD9BC81EC1528F0007CDCD /* DownloadTableViewController.m */,
				21AD9BC91EC1528F0007CDCD /* ListTableViewController.h */,
				21AD9BCA1EC1528F0007CDCD /* ListTableViewController.m */,
				21AD9BCB1EC1528F0007CDCD /* ViewController.h */,
				21AD9BCC1EC1528F0007CDCD /* ViewController.m */,
			);
			path = Controllers;
			sourceTree = "<group>";
		};
		21AD9BCD1EC1528F0007CDCD /* Models */ = {
			isa = PBXGroup;
			children = (
			);
			path = Models;
			sourceTree = "<group>";
		};
		21AD9BCE1EC1528F0007CDCD /* Others */ = {
			isa = PBXGroup;
			children = (
				21AD9BE11EC156E40007CDCD /* PrefixHeader.pch */,
				21AD9BCF1EC1528F0007CDCD /* AppDelegate.h */,
				21AD9BD01EC1528F0007CDCD /* AppDelegate.m */,
				21AD9BD11EC1528F0007CDCD /* main.m */,
			);
			path = Others;
			sourceTree = "<group>";
		};
		21AD9BD21EC1528F0007CDCD /* Views */ = {
			isa = PBXGroup;
			children = (
				21AD9BD31EC1528F0007CDCD /* DownLoadCell.h */,
				21AD9BD41EC1528F0007CDCD /* DownLoadCell.m */,
				21AD9BD51EC1528F0007CDCD /* DownlodedCell.h */,
				21AD9BD61EC1528F0007CDCD /* DownlodedCell.m */,
				21AD9BD71EC1528F0007CDCD /* ListCell.h */,
				21AD9BD81EC1528F0007CDCD /* ListCell.m */,
			);
			path = Views;
			sourceTree = "<group>";
		};
/* End PBXGroup section */

/* Begin PBXNativeTarget section */
		213E7BB51E794A0B00F9B7E2 /* downloadCeshi */ = {
			isa = PBXNativeTarget;
			buildConfigurationList = 213E7BE31E794A0B00F9B7E2 /* Build configuration list for PBXNativeTarget "downloadCeshi" */;
			buildPhases = (
				9AF9E4CD938A4330C4A96297 /* [CP] Check Pods Manifest.lock */,
				213E7BB21E794A0B00F9B7E2 /* Sources */,
				213E7BB31E794A0B00F9B7E2 /* Frameworks */,
				213E7BB41E794A0B00F9B7E2 /* Resources */,
				A2F78D00E5D4C9E930625C7D /* [CP] Embed Pods Frameworks */,
				65F2AC8F21781167BD0C980D /* [CP] Copy Pods Resources */,
			);
			buildRules = (
			);
			dependencies = (
			);
			name = downloadCeshi;
			productName = downloadCeshi;
			productReference = 213E7BB61E794A0B00F9B7E2 /* downloadCeshi.app */;
			productType = "com.apple.product-type.application";
		};
		213E7BCE1E794A0B00F9B7E2 /* downloadCeshiTests */ = {
			isa = PBXNativeTarget;
			buildConfigurationList = 213E7BE61E794A0B00F9B7E2 /* Build configuration list for PBXNativeTarget "downloadCeshiTests" */;
			buildPhases = (
				213E7BCB1E794A0B00F9B7E2 /* Sources */,
				213E7BCC1E794A0B00F9B7E2 /* Frameworks */,
				213E7BCD1E794A0B00F9B7E2 /* Resources */,
			);
			buildRules = (
			);
			dependencies = (
				213E7BD11E794A0B00F9B7E2 /* PBXTargetDependency */,
			);
			name = downloadCeshiTests;
			productName = downloadCeshiTests;
			productReference = 213E7BCF1E794A0B00F9B7E2 /* downloadCeshiTests.xctest */;
			productType = "com.apple.product-type.bundle.unit-test";
		};
		213E7BD91E794A0B00F9B7E2 /* downloadCeshiUITests */ = {
			isa = PBXNativeTarget;
			buildConfigurationList = 213E7BE91E794A0B00F9B7E2 /* Build configuration list for PBXNativeTarget "downloadCeshiUITests" */;
			buildPhases = (
				213E7BD61E794A0B00F9B7E2 /* Sources */,
				213E7BD71E794A0B00F9B7E2 /* Frameworks */,
				213E7BD81E794A0B00F9B7E2 /* Resources */,
			);
			buildRules = (
			);
			dependencies = (
				213E7BDC1E794A0B00F9B7E2 /* PBXTargetDependency */,
			);
			name = downloadCeshiUITests;
			productName = downloadCeshiUITests;
			productReference = 213E7BDA1E794A0B00F9B7E2 /* downloadCeshiUITests.xctest */;
			productType = "com.apple.product-type.bundle.ui-testing";
		};
/* End PBXNativeTarget section */

/* Begin PBXProject section */
		213E7BAE1E794A0B00F9B7E2 /* Project object */ = {
			isa = PBXProject;
			attributes = {
				LastUpgradeCheck = 0820;
				ORGANIZATIONNAME = "瞄财网";
				TargetAttributes = {
					213E7BB51E794A0B00F9B7E2 = {
						CreatedOnToolsVersion = 8.2.1;
						DevelopmentTeam = 4K2U4QJKGX;
						ProvisioningStyle = Automatic;
					};
					213E7BCE1E794A0B00F9B7E2 = {
						CreatedOnToolsVersion = 8.2.1;
						ProvisioningStyle = Automatic;
						TestTargetID = 213E7BB51E794A0B00F9B7E2;
					};
					213E7BD91E794A0B00F9B7E2 = {
						CreatedOnToolsVersion = 8.2.1;
						ProvisioningStyle = Automatic;
						TestTargetID = 213E7BB51E794A0B00F9B7E2;
					};
				};
			};
			buildConfigurationList = 213E7BB11E794A0B00F9B7E2 /* Build configuration list for PBXProject "downloadCeshi" */;
			compatibilityVersion = "Xcode 3.2";
			developmentRegion = English;
			hasScannedForEncodings = 0;
			knownRegions = (
				en,
				Base,
			);
			mainGroup = 213E7BAD1E794A0B00F9B7E2;
			productRefGroup = 213E7BB71E794A0B00F9B7E2 /* Products */;
			projectDirPath = "";
			projectRoot = "";
			targets = (
				213E7BB51E794A0B00F9B7E2 /* downloadCeshi */,
				213E7BCE1E794A0B00F9B7E2 /* downloadCeshiTests */,
				213E7BD91E794A0B00F9B7E2 /* downloadCeshiUITests */,
			);
		};
/* End PBXProject section */

/* Begin PBXResourcesBuildPhase section */
		213E7BB41E794A0B00F9B7E2 /* Resources */ = {
			isa = PBXResourcesBuildPhase;
			buildActionMask = 2147483647;
			files = (
				213E7BC91E794A0B00F9B7E2 /* LaunchScreen.storyboard in Resources */,
				213E7BC61E794A0B00F9B7E2 /* Assets.xcassets in Resources */,
				213E7BC41E794A0B00F9B7E2 /* Main.storyboard in Resources */,
			);
			runOnlyForDeploymentPostprocessing = 0;
		};
		213E7BCD1E794A0B00F9B7E2 /* Resources */ = {
			isa = PBXResourcesBuildPhase;
			buildActionMask = 2147483647;
			files = (
			);
			runOnlyForDeploymentPostprocessing = 0;
		};
		213E7BD81E794A0B00F9B7E2 /* Resources */ = {
			isa = PBXResourcesBuildPhase;
			buildActionMask = 2147483647;
			files = (
			);
			runOnlyForDeploymentPostprocessing = 0;
		};
/* End PBXResourcesBuildPhase section */

/* Begin PBXShellScriptBuildPhase section */
		65F2AC8F21781167BD0C980D /* [CP] Copy Pods Resources */ = {
			isa = PBXShellScriptBuildPhase;
			buildActionMask = 2147483647;
			files = (
			);
			inputPaths = (
			);
			name = "[CP] Copy Pods Resources";
			outputPaths = (
			);
			runOnlyForDeploymentPostprocessing = 0;
			shellPath = /bin/sh;
			shellScript = "\"${SRCROOT}/Pods/Target Support Files/Pods-downloadCeshi/Pods-downloadCeshi-resources.sh\"\n";
			showEnvVarsInLog = 0;
		};
		9AF9E4CD938A4330C4A96297 /* [CP] Check Pods Manifest.lock */ = {
			isa = PBXShellScriptBuildPhase;
			buildActionMask = 2147483647;
			files = (
			);
			inputPaths = (
			);
			name = "[CP] Check Pods Manifest.lock";
			outputPaths = (
			);
			runOnlyForDeploymentPostprocessing = 0;
			shellPath = /bin/sh;
			shellScript = "diff \"${PODS_PODFILE_DIR_PATH}/Podfile.lock\" \"${PODS_ROOT}/Manifest.lock\" > /dev/null\nif [ $? != 0 ] ; then\n    # print error to STDERR\n    echo \"error: The sandbox is not in sync with the Podfile.lock. Run 'pod install' or update your CocoaPods installation.\" >&2\n    exit 1\nfi\n";
			showEnvVarsInLog = 0;
		};
		A2F78D00E5D4C9E930625C7D /* [CP] Embed Pods Frameworks */ = {
			isa = PBXShellScriptBuildPhase;
			buildActionMask = 2147483647;
			files = (
			);
			inputPaths = (
			);
			name = "[CP] Embed Pods Frameworks";
			outputPaths = (
			);
			runOnlyForDeploymentPostprocessing = 0;
			shellPath = /bin/sh;
			shellScript = "\"${SRCROOT}/Pods/Target Support Files/Pods-downloadCeshi/Pods-downloadCeshi-frameworks.sh\"\n";
			showEnvVarsInLog = 0;
		};
/* End PBXShellScriptBuildPhase section */

/* Begin PBXSourcesBuildPhase section */
		213E7BB21E794A0B00F9B7E2 /* Sources */ = {
			isa = PBXSourcesBuildPhase;
			buildActionMask = 2147483647;
			files = (
				21AD9BE01EC1528F0007CDCD /* ListCell.m in Sources */,
				21AD9BDB1EC1528F0007CDCD /* ViewController.m in Sources */,
				21AD9BBF1EC152370007CDCD /* ZB_NetWorkShare.m in Sources */,
				21AD9BC51EC152370007CDCD /* FileModelDbManager.m in Sources */,
				21AD9BDA1EC1528F0007CDCD /* ListTableViewController.m in Sources */,
				21AD9BC41EC152370007CDCD /* DatabaseQueueShare.m in Sources */,
				21AD9BC21EC152370007CDCD /* SessionDownloadDelegate.m in Sources */,
				21AD9BDF1EC1528F0007CDCD /* DownlodedCell.m in Sources */,
				21AD9BDE1EC1528F0007CDCD /* DownLoadCell.m in Sources */,
				21AD9BDD1EC1528F0007CDCD /* main.m in Sources */,
				21AD9BA81EC152260007CDCD /* FileManageShare.m in Sources */,
				21AD9BAA1EC152260007CDCD /* HTTPSessionShare.m in Sources */,
				21AD9BC11EC152370007CDCD /* NSString+Common.m in Sources */,
				21AD9BC31EC152370007CDCD /* ZBSessionDownloadManager.m in Sources */,
				21AD9BC01EC152370007CDCD /* NSProgress+downSpeed.m in Sources */,
				21AD9BA91EC152260007CDCD /* FileModel.m in Sources */,
				21AD9BD91EC1528F0007CDCD /* DownloadTableViewController.m in Sources */,
				21AD9BDC1EC1528F0007CDCD /* AppDelegate.m in Sources */,
			);
			runOnlyForDeploymentPostprocessing = 0;
		};
		213E7BCB1E794A0B00F9B7E2 /* Sources */ = {
			isa = PBXSourcesBuildPhase;
			buildActionMask = 2147483647;
			files = (
				213E7BD41E794A0B00F9B7E2 /* downloadCeshiTests.m in Sources */,
			);
			runOnlyForDeploymentPostprocessing = 0;
		};
		213E7BD61E794A0B00F9B7E2 /* Sources */ = {
			isa = PBXSourcesBuildPhase;
			buildActionMask = 2147483647;
			files = (
				213E7BDF1E794A0B00F9B7E2 /* downloadCeshiUITests.m in Sources */,
			);
			runOnlyForDeploymentPostprocessing = 0;
		};
/* End PBXSourcesBuildPhase section */

/* Begin PBXTargetDependency section */
		213E7BD11E794A0B00F9B7E2 /* PBXTargetDependency */ = {
			isa = PBXTargetDependency;
			target = 213E7BB51E794A0B00F9B7E2 /* downloadCeshi */;
			targetProxy = 213E7BD01E794A0B00F9B7E2 /* PBXContainerItemProxy */;
		};
		213E7BDC1E794A0B00F9B7E2 /* PBXTargetDependency */ = {
			isa = PBXTargetDependency;
			target = 213E7BB51E794A0B00F9B7E2 /* downloadCeshi */;
			targetProxy = 213E7BDB1E794A0B00F9B7E2 /* PBXContainerItemProxy */;
		};
/* End PBXTargetDependency section */

/* Begin PBXVariantGroup section */
		213E7BC21E794A0B00F9B7E2 /* Main.storyboard */ = {
			isa = PBXVariantGroup;
			children = (
				213E7BC31E794A0B00F9B7E2 /* Base */,
			);
			name = Main.storyboard;
			sourceTree = "<group>";
		};
		213E7BC71E794A0B00F9B7E2 /* LaunchScreen.storyboard */ = {
			isa = PBXVariantGroup;
			children = (
				213E7BC81E794A0B00F9B7E2 /* Base */,
			);
			name = LaunchScreen.storyboard;
			sourceTree = "<group>";
		};
/* End PBXVariantGroup section */

/* Begin XCBuildConfiguration section */
		213E7BE11E794A0B00F9B7E2 /* Debug */ = {
			isa = XCBuildConfiguration;
			buildSettings = {
				ALWAYS_SEARCH_USER_PATHS = NO;
				CLANG_ANALYZER_NONNULL = YES;
				CLANG_CXX_LANGUAGE_STANDARD = "gnu++0x";
				CLANG_CXX_LIBRARY = "libc++";
				CLANG_ENABLE_MODULES = YES;
				CLANG_ENABLE_OBJC_ARC = YES;
				CLANG_WARN_BOOL_CONVERSION = YES;
				CLANG_WARN_CONSTANT_CONVERSION = YES;
				CLANG_WARN_DIRECT_OBJC_ISA_USAGE = YES_ERROR;
				CLANG_WARN_DOCUMENTATION_COMMENTS = YES;
				CLANG_WARN_EMPTY_BODY = YES;
				CLANG_WARN_ENUM_CONVERSION = YES;
				CLANG_WARN_INFINITE_RECURSION = YES;
				CLANG_WARN_INT_CONVERSION = YES;
				CLANG_WARN_OBJC_ROOT_CLASS = YES_ERROR;
				CLANG_WARN_SUSPICIOUS_MOVE = YES;
				CLANG_WARN_UNREACHABLE_CODE = YES;
				CLANG_WARN__DUPLICATE_METHOD_MATCH = YES;
				"CODE_SIGN_IDENTITY[sdk=iphoneos*]" = "iPhone Developer";
				COPY_PHASE_STRIP = NO;
				DEBUG_INFORMATION_FORMAT = dwarf;
				ENABLE_STRICT_OBJC_MSGSEND = YES;
				ENABLE_TESTABILITY = YES;
				GCC_C_LANGUAGE_STANDARD = gnu99;
				GCC_DYNAMIC_NO_PIC = NO;
				GCC_NO_COMMON_BLOCKS = YES;
				GCC_OPTIMIZATION_LEVEL = 0;
				GCC_PRECOMPILE_PREFIX_HEADER = YES;
				GCC_PREFIX_HEADER = downloadCeshi/Others/PrefixHeader.pch;
				GCC_PREPROCESSOR_DEFINITIONS = (
					"DEBUG=1",
					"$(inherited)",
				);
				GCC_WARN_64_TO_32_BIT_CONVERSION = YES;
				GCC_WARN_ABOUT_RETURN_TYPE = YES_ERROR;
				GCC_WARN_UNDECLARED_SELECTOR = YES;
				GCC_WARN_UNINITIALIZED_AUTOS = YES_AGGRESSIVE;
				GCC_WARN_UNUSED_FUNCTION = YES;
				GCC_WARN_UNUSED_VARIABLE = YES;
				IPHONEOS_DEPLOYMENT_TARGET = 10.2;
				MTL_ENABLE_DEBUG_INFO = YES;
				ONLY_ACTIVE_ARCH = YES;
				OTHER_LDFLAGS = "";
				SDKROOT = iphoneos;
				TARGETED_DEVICE_FAMILY = "1,2";
			};
			name = Debug;
		};
		213E7BE21E794A0B00F9B7E2 /* Release */ = {
			isa = XCBuildConfiguration;
			buildSettings = {
				ALWAYS_SEARCH_USER_PATHS = NO;
				CLANG_ANALYZER_NONNULL = YES;
				CLANG_CXX_LANGUAGE_STANDARD = "gnu++0x";
				CLANG_CXX_LIBRARY = "libc++";
				CLANG_ENABLE_MODULES = YES;
				CLANG_ENABLE_OBJC_ARC = YES;
				CLANG_WARN_BOOL_CONVERSION = YES;
				CLANG_WARN_CONSTANT_CONVERSION = YES;
				CLANG_WARN_DIRECT_OBJC_ISA_USAGE = YES_ERROR;
				CLANG_WARN_DOCUMENTATION_COMMENTS = YES;
				CLANG_WARN_EMPTY_BODY = YES;
				CLANG_WARN_ENUM_CONVERSION = YES;
				CLANG_WARN_INFINITE_RECURSION = YES;
				CLANG_WARN_INT_CONVERSION = YES;
				CLANG_WARN_OBJC_ROOT_CLASS = YES_ERROR;
				CLANG_WARN_SUSPICIOUS_MOVE = YES;
				CLANG_WARN_UNREACHABLE_CODE = YES;
				CLANG_WARN__DUPLICATE_METHOD_MATCH = YES;
				"CODE_SIGN_IDENTITY[sdk=iphoneos*]" = "iPhone Developer";
				COPY_PHASE_STRIP = NO;
				DEBUG_INFORMATION_FORMAT = "dwarf-with-dsym";
				ENABLE_NS_ASSERTIONS = NO;
				ENABLE_STRICT_OBJC_MSGSEND = YES;
				GCC_C_LANGUAGE_STANDARD = gnu99;
				GCC_NO_COMMON_BLOCKS = YES;
				GCC_PRECOMPILE_PREFIX_HEADER = YES;
				GCC_PREFIX_HEADER = downloadCeshi/Others/PrefixHeader.pch;
				GCC_WARN_64_TO_32_BIT_CONVERSION = YES;
				GCC_WARN_ABOUT_RETURN_TYPE = YES_ERROR;
				GCC_WARN_UNDECLARED_SELECTOR = YES;
				GCC_WARN_UNINITIALIZED_AUTOS = YES_AGGRESSIVE;
				GCC_WARN_UNUSED_FUNCTION = YES;
				GCC_WARN_UNUSED_VARIABLE = YES;
				IPHONEOS_DEPLOYMENT_TARGET = 10.2;
				MTL_ENABLE_DEBUG_INFO = NO;
				OTHER_LDFLAGS = "";
				SDKROOT = iphoneos;
				TARGETED_DEVICE_FAMILY = "1,2";
				VALIDATE_PRODUCT = YES;
			};
			name = Release;
		};
		213E7BE41E794A0B00F9B7E2 /* Debug */ = {
			isa = XCBuildConfiguration;
			baseConfigurationReference = 564A094D5F463A7A6E4A003B /* Pods-downloadCeshi.debug.xcconfig */;
			buildSettings = {
				ASSETCATALOG_COMPILER_APPICON_NAME = AppIcon;
				DEVELOPMENT_TEAM = 4K2U4QJKGX;
				GCC_INCREASE_PRECOMPILED_HEADER_SHARING = NO;
				GCC_PRECOMPILE_PREFIX_HEADER = YES;
				GCC_PREFIX_HEADER = downloadCeshi/Others/PrefixHeader.pch;
				INFOPLIST_FILE = downloadCeshi/Info.plist;
				LD_RUNPATH_SEARCH_PATHS = "$(inherited) @executable_path/Frameworks";
				PRODUCT_BUNDLE_IDENTIFIER = com.miaocaiwang.downloadCeshi;
				PRODUCT_NAME = "$(TARGET_NAME)";
			};
			name = Debug;
		};
		213E7BE51E794A0B00F9B7E2 /* Release */ = {
			isa = XCBuildConfiguration;
			baseConfigurationReference = 0C3A5A756D609957E99CEE33 /* Pods-downloadCeshi.release.xcconfig */;
			buildSettings = {
				ASSETCATALOG_COMPILER_APPICON_NAME = AppIcon;
				DEVELOPMENT_TEAM = 4K2U4QJKGX;
				GCC_INCREASE_PRECOMPILED_HEADER_SHARING = NO;
				GCC_PRECOMPILE_PREFIX_HEADER = YES;
				GCC_PREFIX_HEADER = downloadCeshi/Others/PrefixHeader.pch;
				INFOPLIST_FILE = downloadCeshi/Info.plist;
				LD_RUNPATH_SEARCH_PATHS = "$(inherited) @executable_path/Frameworks";
				PRODUCT_BUNDLE_IDENTIFIER = com.miaocaiwang.downloadCeshi;
				PRODUCT_NAME = "$(TARGET_NAME)";
			};
			name = Release;
		};
		213E7BE71E794A0B00F9B7E2 /* Debug */ = {
			isa = XCBuildConfiguration;
			buildSettings = {
				BUNDLE_LOADER = "$(TEST_HOST)";
				INFOPLIST_FILE = downloadCeshiTests/Info.plist;
				LD_RUNPATH_SEARCH_PATHS = "$(inherited) @executable_path/Frameworks @loader_path/Frameworks";
				PRODUCT_BUNDLE_IDENTIFIER = com.miaocaiwang.downloadCeshiTests;
				PRODUCT_NAME = "$(TARGET_NAME)";
				TEST_HOST = "$(BUILT_PRODUCTS_DIR)/downloadCeshi.app/downloadCeshi";
			};
			name = Debug;
		};
		213E7BE81E794A0B00F9B7E2 /* Release */ = {
			isa = XCBuildConfiguration;
			buildSettings = {
				BUNDLE_LOADER = "$(TEST_HOST)";
				INFOPLIST_FILE = downloadCeshiTests/Info.plist;
				LD_RUNPATH_SEARCH_PATHS = "$(inherited) @executable_path/Frameworks @loader_path/Frameworks";
				PRODUCT_BUNDLE_IDENTIFIER = com.miaocaiwang.downloadCeshiTests;
				PRODUCT_NAME = "$(TARGET_NAME)";
				TEST_HOST = "$(BUILT_PRODUCTS_DIR)/downloadCeshi.app/downloadCeshi";
			};
			name = Release;
		};
		213E7BEA1E794A0B00F9B7E2 /* Debug */ = {
			isa = XCBuildConfiguration;
			buildSettings = {
				INFOPLIST_FILE = downloadCeshiUITests/Info.plist;
				LD_RUNPATH_SEARCH_PATHS = "$(inherited) @executable_path/Frameworks @loader_path/Frameworks";
				PRODUCT_BUNDLE_IDENTIFIER = com.miaocaiwang.downloadCeshiUITests;
				PRODUCT_NAME = "$(TARGET_NAME)";
				TEST_TARGET_NAME = downloadCeshi;
			};
			name = Debug;
		};
		213E7BEB1E794A0B00F9B7E2 /* Release */ = {
			isa = XCBuildConfiguration;
			buildSettings = {
				INFOPLIST_FILE = downloadCeshiUITests/Info.plist;
				LD_RUNPATH_SEARCH_PATHS = "$(inherited) @executable_path/Frameworks @loader_path/Frameworks";
				PRODUCT_BUNDLE_IDENTIFIER = com.miaocaiwang.downloadCeshiUITests;
				PRODUCT_NAME = "$(TARGET_NAME)";
				TEST_TARGET_NAME = downloadCeshi;
			};
			name = Release;
		};
/* End XCBuildConfiguration section */

/* Begin XCConfigurationList section */
		213E7BB11E794A0B00F9B7E2 /* Build configuration list for PBXProject "downloadCeshi" */ = {
			isa = XCConfigurationList;
			buildConfigurations = (
				213E7BE11E794A0B00F9B7E2 /* Debug */,
				213E7BE21E794A0B00F9B7E2 /* Release */,
			);
			defaultConfigurationIsVisible = 0;
			defaultConfigurationName = Release;
		};
		213E7BE31E794A0B00F9B7E2 /* Build configuration list for PBXNativeTarget "downloadCeshi" */ = {
			isa = XCConfigurationList;
			buildConfigurations = (
				213E7BE41E794A0B00F9B7E2 /* Debug */,
				213E7BE51E794A0B00F9B7E2 /* Release */,
			);
			defaultConfigurationIsVisible = 0;
			defaultConfigurationName = Release;
		};
		213E7BE61E794A0B00F9B7E2 /* Build configuration list for PBXNativeTarget "downloadCeshiTests" */ = {
			isa = XCConfigurationList;
			buildConfigurations = (
				213E7BE71E794A0B00F9B7E2 /* Debug */,
				213E7BE81E794A0B00F9B7E2 /* Release */,
			);
			defaultConfigurationIsVisible = 0;
			defaultConfigurationName = Release;
		};
		213E7BE91E794A0B00F9B7E2 /* Build configuration list for PBXNativeTarget "downloadCeshiUITests" */ = {
			isa = XCConfigurationList;
			buildConfigurations = (
				213E7BEA1E794A0B00F9B7E2 /* Debug */,
				213E7BEB1E794A0B00F9B7E2 /* Release */,
			);
			defaultConfigurationIsVisible = 0;
			defaultConfigurationName = Release;
		};
/* End XCConfigurationList section */
	};
	rootObject = 213E7BAE1E794A0B00F9B7E2 /* Project object */;
}
